
Microsoft Visual Studio Solution File, Format Version 12.00
# Visual Studio Version 16
VisualStudioVersion = 16.6.30114.105
MinimumVisualStudioVersion = 10.0.40219.1
Project("{9A19103F-16F7-4668-BE54-9A1E7A4F7556}") = "BGG.Bot", "src\BGG.Bot\BGG.Bot.csproj", "{81FEBD76-255B-405A-B2C2-97574BB98AC4}"
EndProject
Project("{9A19103F-16F7-4668-BE54-9A1E7A4F7556}") = "BGG.Bot.Core", "src\BGG.Bot.Core\BGG.Bot.Core.csproj", "{3B368BC6-110A-428D-844C-A4E7549DD26F}"
EndProject
Project("{9A19103F-16F7-4668-BE54-9A1E7A4F7556}") = "Test", "src\Test\Test.csproj", "{D23B7773-51F8-40BB-BA68-3E8F8D033B03}"
EndProject
Project("{FAE04EC0-301F-11D3-BF4B-00C04F79EFBC}") = "BGG.Bot.Data", "src\BGG.Bot.Data\BGG.Bot.Data.csproj", "{E2DBA96F-2C96-4B64-A3B9-72C410DFB88B}"
EndProject
Global
	GlobalSection(SolutionConfigurationPlatforms) = preSolution
		Debug|Any CPU = Debug|Any CPU
		Debug|x64 = Debug|x64
		Debug|x86 = Debug|x86
		Release|Any CPU = Release|Any CPU
		Release|x64 = Release|x64
		Release|x86 = Release|x86
	EndGlobalSection
	GlobalSection(ProjectConfigurationPlatforms) = postSolution
		{81FEBD76-255B-405A-B2C2-97574BB98AC4}.Debug|Any CPU.ActiveCfg = Debug|Any CPU
		{81FEBD76-255B-405A-B2C2-97574BB98AC4}.Debug|Any CPU.Build.0 = Debug|Any CPU
		{81FEBD76-255B-405A-B2C2-97574BB98AC4}.Debug|x64.ActiveCfg = Debug|Any CPU
		{81FEBD76-255B-405A-B2C2-97574BB98AC4}.Debug|x64.Build.0 = Debug|Any CPU
		{81FEBD76-255B-405A-B2C2-97574BB98AC4}.Debug|x86.ActiveCfg = Debug|Any CPU
		{81FEBD76-255B-405A-B2C2-97574BB98AC4}.Debug|x86.Build.0 = Debug|Any CPU
		{81FEBD76-255B-405A-B2C2-97574BB98AC4}.Release|Any CPU.ActiveCfg = Release|Any CPU
		{81FEBD76-255B-405A-B2C2-97574BB98AC4}.Release|Any CPU.Build.0 = Release|Any CPU
		{81FEBD76-255B-405A-B2C2-97574BB98AC4}.Release|x64.ActiveCfg = Release|Any CPU
		{81FEBD76-255B-405A-B2C2-97574BB98AC4}.Release|x64.Build.0 = Release|Any CPU
		{81FEBD76-255B-405A-B2C2-97574BB98AC4}.Release|x86.ActiveCfg = Release|Any CPU
		{81FEBD76-255B-405A-B2C2-97574BB98AC4}.Release|x86.Build.0 = Release|Any CPU
		{3B368BC6-110A-428D-844C-A4E7549DD26F}.Debug|Any CPU.ActiveCfg = Debug|Any CPU
		{3B368BC6-110A-428D-844C-A4E7549DD26F}.Debug|Any CPU.Build.0 = Debug|Any CPU
		{3B368BC6-110A-428D-844C-A4E7549DD26F}.Debug|x64.ActiveCfg = Debug|Any CPU
		{3B368BC6-110A-428D-844C-A4E7549DD26F}.Debug|x64.Build.0 = Debug|Any CPU
		{3B368BC6-110A-428D-844C-A4E7549DD26F}.Debug|x86.ActiveCfg = Debug|Any CPU
		{3B368BC6-110A-428D-844C-A4E7549DD26F}.Debug|x86.Build.0 = Debug|Any CPU
		{3B368BC6-110A-428D-844C-A4E7549DD26F}.Release|Any CPU.ActiveCfg = Release|Any CPU
		{3B368BC6-110A-428D-844C-A4E7549DD26F}.Release|Any CPU.Build.0 = Release|Any CPU
		{3B368BC6-110A-428D-844C-A4E7549DD26F}.Release|x64.ActiveCfg = Release|Any CPU
		{3B368BC6-110A-428D-844C-A4E7549DD26F}.Release|x64.Build.0 = Release|Any CPU
		{3B368BC6-110A-428D-844C-A4E7549DD26F}.Release|x86.ActiveCfg = Release|Any CPU
		{3B368BC6-110A-428D-844C-A4E7549DD26F}.Release|x86.Build.0 = Release|Any CPU
		{D23B7773-51F8-40BB-BA68-3E8F8D033B03}.Debug|Any CPU.ActiveCfg = Debug|Any CPU
		{D23B7773-51F8-40BB-BA68-3E8F8D033B03}.Debug|Any CPU.Build.0 = Debug|Any CPU
		{D23B7773-51F8-40BB-BA68-3E8F8D033B03}.Debug|x64.ActiveCfg = Debug|Any CPU
		{D23B7773-51F8-40BB-BA68-3E8F8D033B03}.Debug|x64.Build.0 = Debug|Any CPU
		{D23B7773-51F8-40BB-BA68-3E8F8D033B03}.Debug|x86.ActiveCfg = Debug|Any CPU
		{D23B7773-51F8-40BB-BA68-3E8F8D033B03}.Debug|x86.Build.0 = Debug|Any CPU
		{D23B7773-51F8-40BB-BA68-3E8F8D033B03}.Release|Any CPU.ActiveCfg = Release|Any CPU
		{D23B7773-51F8-40BB-BA68-3E8F8D033B03}.Release|Any CPU.Build.0 = Release|Any CPU
		{D23B7773-51F8-40BB-BA68-3E8F8D033B03}.Release|x64.ActiveCfg = Release|Any CPU
		{D23B7773-51F8-40BB-BA68-3E8F8D033B03}.Release|x64.Build.0 = Release|Any CPU
		{D23B7773-51F8-40BB-BA68-3E8F8D033B03}.Release|x86.ActiveCfg = Release|Any CPU
		{D23B7773-51F8-40BB-BA68-3E8F8D033B03}.Release|x86.Build.0 = Release|Any CPU
		{E2DBA96F-2C96-4B64-A3B9-72C410DFB88B}.Debug|Any CPU.ActiveCfg = Debug|Any CPU
		{E2DBA96F-2C96-4B64-A3B9-72C410DFB88B}.Debug|Any CPU.Build.0 = Debug|Any CPU
		{E2DBA96F-2C96-4B64-A3B9-72C410DFB88B}.Debug|x64.ActiveCfg = Debug|Any CPU
		{E2DBA96F-2C96-4B64-A3B9-72C410DFB88B}.Debug|x64.Build.0 = Debug|Any CPU
		{E2DBA96F-2C96-4B64-A3B9-72C410DFB88B}.Debug|x86.ActiveCfg = Debug|Any CPU
		{E2DBA96F-2C96-4B64-A3B9-72C410DFB88B}.Debug|x86.Build.0 = Debug|Any CPU
		{E2DBA96F-2C96-4B64-A3B9-72C410DFB88B}.Release|Any CPU.ActiveCfg = Release|Any CPU
		{E2DBA96F-2C96-4B64-A3B9-72C410DFB88B}.Release|Any CPU.Build.0 = Release|Any CPU
		{E2DBA96F-2C96-4B64-A3B9-72C410DFB88B}.Release|x64.ActiveCfg = Release|Any CPU
		{E2DBA96F-2C96-4B64-A3B9-72C410DFB88B}.Release|x64.Build.0 = Release|Any CPU
		{E2DBA96F-2C96-4B64-A3B9-72C410DFB88B}.Release|x86.ActiveCfg = Release|Any CPU
		{E2DBA96F-2C96-4B64-A3B9-72C410DFB88B}.Release|x86.Build.0 = Release|Any CPU
	EndGlobalSection
	GlobalSection(SolutionProperties) = preSolution
		HideSolutionNode = FALSE
	EndGlobalSection
	GlobalSection(ExtensibilityGlobals) = postSolution
		SolutionGuid = {F8A4BD4E-902C-43CC-A0AB-2D06D80964F9}
	EndGlobalSection
EndGlobal
